{
  "name": "brevifolia-gridsome-forestry",
  "version": "0.1.0",
  "lockfileVersion": 1,
  "requires": true,
  "dependencies": {
    "@gridsome/remark-prismjs": {
      "version": "0.5.0",
      "resolved": "https://registry.npmjs.org/@gridsome/remark-prismjs/-/remark-prismjs-0.5.0.tgz",
      "integrity": "sha512-aEQg/MTNOtsWC11yozSGJI51Qk+vG7pPAipULBryjmmmLq81IGFREkEXYXPLLVCib0D652a3/CrUBnTYQBuoWA==",
      "requires": {
        "escape-html": "^1.0.3",
        "hast-util-to-html": "^6.0.2",
        "hastscript": "^5.1.0",
        "prismjs": "^1.15.0",
        "unist-builder": "^1.0.4",
        "unist-util-visit": "^1.4.0"
      }
    },
    "ccount": {
      "version": "1.1.0",
      "resolved": "https://registry.npmjs.org/ccount/-/ccount-1.1.0.tgz",
      "integrity": "sha512-vlNK021QdI7PNeiUh/lKkC/mNHHfV0m/Ad5JoI0TYtlBnJAslM/JIkm/tGC88bkLIwO6OQ5uV6ztS6kVAtCDlg=="
    },
    "character-entities-html4": {
      "version": "1.1.4",
      "resolved": "https://registry.npmjs.org/character-entities-html4/-/character-entities-html4-1.1.4.tgz",
      "integrity": "sha512-HRcDxZuZqMx3/a+qrzxdBKBPUpxWEq9xw2OPZ3a/174ihfrQKVsFhqtthBInFy1zZ9GgZyFXOatNujm8M+El3g=="
    },
    "character-entities-legacy": {
      "version": "1.1.4",
      "resolved": "https://registry.npmjs.org/character-entities-legacy/-/character-entities-legacy-1.1.4.tgz",
      "integrity": "sha512-3Xnr+7ZFS1uxeiUDvV02wQ+QDbc55o97tIV5zHScSPJpcLm/r0DFPcoY3tYRp+VZukxuMeKgXYmsXQHO05zQeA=="
    },
    "clipboard": {
      "version": "2.0.6",
      "resolved": "https://registry.npmjs.org/clipboard/-/clipboard-2.0.6.tgz",
      "integrity": "sha512-g5zbiixBRk/wyKakSwCKd7vQXDjFnAMGHoEyBogG/bw9kTD9GvdAvaoRR1ALcEzt3pVKxZR0pViekPMIS0QyGg==",
      "optional": true,
      "requires": {
        "good-listener": "^1.2.2",
        "select": "^1.1.2",
        "tiny-emitter": "^2.0.0"
      }
    },
    "comma-separated-tokens": {
      "version": "1.0.8",
      "resolved": "https://registry.npmjs.org/comma-separated-tokens/-/comma-separated-tokens-1.0.8.tgz",
      "integrity": "sha512-GHuDRO12Sypu2cV70d1dkA2EUmXHgntrzbpvOB+Qy+49ypNfGgFQIC2fhhXbnyrJRynDCAARsT7Ou0M6hirpfw=="
    },
    "delegate": {
      "version": "3.2.0",
      "resolved": "https://registry.npmjs.org/delegate/-/delegate-3.2.0.tgz",
      "integrity": "sha512-IofjkYBZaZivn0V8nnsMJGBr4jVLxHDheKSW88PyxS5QC4Vo9ZbZVvhzlSxY87fVq3STR6r+4cGepyHkcWOQSw==",
      "optional": true
    },
    "escape-html": {
      "version": "1.0.3",
      "resolved": "https://registry.npmjs.org/escape-html/-/escape-html-1.0.3.tgz",
      "integrity": "sha1-Aljq5NPQwJdN4cFpGI7wBR0dGYg="
    },
    "good-listener": {
      "version": "1.2.2",
      "resolved": "https://registry.npmjs.org/good-listener/-/good-listener-1.2.2.tgz",
      "integrity": "sha1-1TswzfkxPf+33JoNR3CWqm0UXFA=",
      "optional": true,
      "requires": {
        "delegate": "^3.1.2"
      }
    },
    "hast-util-is-element": {
      "version": "1.1.0",
      "resolved": "https://registry.npmjs.org/hast-util-is-element/-/hast-util-is-element-1.1.0.tgz",
      "integrity": "sha512-oUmNua0bFbdrD/ELDSSEadRVtWZOf3iF6Lbv81naqsIV99RnSCieTbWuWCY8BAeEfKJTKl0gRdokv+dELutHGQ=="
    },
    "hast-util-parse-selector": {
      "version": "2.2.5",
      "resolved": "https://registry.npmjs.org/hast-util-parse-selector/-/hast-util-parse-selector-2.2.5.tgz",
      "integrity": "sha512-7j6mrk/qqkSehsM92wQjdIgWM2/BW61u/53G6xmC8i1OmEdKLHbk419QKQUjz6LglWsfqoiHmyMRkP1BGjecNQ=="
    },
    "hast-util-to-html": {
      "version": "6.1.0",
      "resolved": "https://registry.npmjs.org/hast-util-to-html/-/hast-util-to-html-6.1.0.tgz",
      "integrity": "sha512-IlC+LG2HGv0Y8js3wqdhg9O2sO4iVpRDbHOPwXd7qgeagpGsnY49i8yyazwqS35RA35WCzrBQE/n0M6GG/ewxA==",
      "requires": {
        "ccount": "^1.0.0",
        "comma-separated-tokens": "^1.0.1",
        "hast-util-is-element": "^1.0.0",
        "hast-util-whitespace": "^1.0.0",
        "html-void-elements": "^1.0.0",
        "property-information": "^5.2.0",
        "space-separated-tokens": "^1.0.0",
        "stringify-entities": "^2.0.0",
        "unist-util-is": "^3.0.0",
        "xtend": "^4.0.1"
      }
    },
    "hast-util-whitespace": {
      "version": "1.0.4",
      "resolved": "https://registry.npmjs.org/hast-util-whitespace/-/hast-util-whitespace-1.0.4.tgz",
      "integrity": "sha512-I5GTdSfhYfAPNztx2xJRQpG8cuDSNt599/7YUn7Gx/WxNMsG+a835k97TDkFgk123cwjfwINaZknkKkphx/f2A=="
    },
    "hastscript": {
      "version": "5.1.2",
      "resolved": "https://registry.npmjs.org/hastscript/-/hastscript-5.1.2.tgz",
      "integrity": "sha512-WlztFuK+Lrvi3EggsqOkQ52rKbxkXL3RwB6t5lwoa8QLMemoWfBuL43eDrwOamJyR7uKQKdmKYaBH1NZBiIRrQ==",
      "requires": {
        "comma-separated-tokens": "^1.0.0",
        "hast-util-parse-selector": "^2.0.0",
        "property-information": "^5.0.0",
        "space-separated-tokens": "^1.0.0"
      }
    },
    "html-void-elements": {
      "version": "1.0.5",
      "resolved": "https://registry.npmjs.org/html-void-elements/-/html-void-elements-1.0.5.tgz",
      "integrity": "sha512-uE/TxKuyNIcx44cIWnjr/rfIATDH7ZaOMmstu0CwhFG1Dunhlp4OC6/NMbhiwoq5BpW0ubi303qnEk/PZj614w=="
    },
    "is-alphabetical": {
      "version": "1.0.4",
      "resolved": "https://registry.npmjs.org/is-alphabetical/-/is-alphabetical-1.0.4.tgz",
      "integrity": "sha512-DwzsA04LQ10FHTZuL0/grVDk4rFoVH1pjAToYwBrHSxcrBIGQuXrQMtD5U1b0U2XVgKZCTLLP8u2Qxqhy3l2Vg=="
    },
    "is-alphanumerical": {
      "version": "1.0.4",
      "resolved": "https://registry.npmjs.org/is-alphanumerical/-/is-alphanumerical-1.0.4.tgz",
      "integrity": "sha512-UzoZUr+XfVz3t3v4KyGEniVL9BDRoQtY7tOyrRybkVNjDFWyo1yhXNGrrBTQxp3ib9BLAWs7k2YKBQsFRkZG9A==",
      "requires": {
        "is-alphabetical": "^1.0.0",
        "is-decimal": "^1.0.0"
      }
    },
    "is-decimal": {
      "version": "1.0.4",
      "resolved": "https://registry.npmjs.org/is-decimal/-/is-decimal-1.0.4.tgz",
      "integrity": "sha512-RGdriMmQQvZ2aqaQq3awNA6dCGtKpiDFcOzrTWrDAT2MiWrKQVPmxLGHl7Y2nNu6led0kEyoX0enY0qXYsv9zw=="
    },
    "is-hexadecimal": {
      "version": "1.0.4",
      "resolved": "https://registry.npmjs.org/is-hexadecimal/-/is-hexadecimal-1.0.4.tgz",
      "integrity": "sha512-gyPJuv83bHMpocVYoqof5VDiZveEoGoFL8m3BXNb2VW8Xs+rz9kqO8LOQ5DH6EsuvilT1ApazU0pyl+ytbPtlw=="
    },
    "object-assign": {
      "version": "4.1.1",
      "resolved": "https://registry.npmjs.org/object-assign/-/object-assign-4.1.1.tgz",
      "integrity": "sha1-IQmtx5ZYh8/AXLvUQsrIv7s2CGM="
    },
    "prismjs": {
      "version": "1.22.0",
      "resolved": "https://registry.npmjs.org/prismjs/-/prismjs-1.22.0.tgz",
      "integrity": "sha512-lLJ/Wt9yy0AiSYBf212kK3mM5L8ycwlyTlSxHBAneXLR0nzFMlZ5y7riFPF3E33zXOF2IH95xdY5jIyZbM9z/w==",
      "requires": {
        "clipboard": "^2.0.0"
      }
    },
    "property-information": {
      "version": "5.6.0",
      "resolved": "https://registry.npmjs.org/property-information/-/property-information-5.6.0.tgz",
      "integrity": "sha512-YUHSPk+A30YPv+0Qf8i9Mbfe/C0hdPXk1s1jPVToV8pk8BQtpw10ct89Eo7OWkutrwqvT0eicAxlOg3dOAu8JA==",
      "requires": {
        "xtend": "^4.0.0"
      }
    },
    "select": {
      "version": "1.1.2",
      "resolved": "https://registry.npmjs.org/select/-/select-1.1.2.tgz",
      "integrity": "sha1-DnNQrN7ICxEIUoeG7B1EGNEbOW0=",
      "optional": true
    },
    "space-separated-tokens": {
      "version": "1.1.5",
      "resolved": "https://registry.npmjs.org/space-separated-tokens/-/space-separated-tokens-1.1.5.tgz",
      "integrity": "sha512-q/JSVd1Lptzhf5bkYm4ob4iWPjx0KiRe3sRFBNrVqbJkFaBm5vbbowy1mymoPNLRa52+oadOhJ+K49wsSeSjTA=="
    },
    "stringify-entities": {
      "version": "2.0.0",
      "resolved": "https://registry.npmjs.org/stringify-entities/-/stringify-entities-2.0.0.tgz",
      "integrity": "sha512-fqqhZzXyAM6pGD9lky/GOPq6V4X0SeTAFBl0iXb/BzOegl40gpf/bV3QQP7zULNYvjr6+Dx8SCaDULjVoOru0A==",
      "requires": {
        "character-entities-html4": "^1.0.0",
        "character-entities-legacy": "^1.0.0",
        "is-alphanumerical": "^1.0.0",
        "is-decimal": "^1.0.2",
        "is-hexadecimal": "^1.0.0"
      }
    },
    "tiny-emitter": {
      "version": "2.1.0",
      "resolved": "https://registry.npmjs.org/tiny-emitter/-/tiny-emitter-2.1.0.tgz",
      "integrity": "sha512-NB6Dk1A9xgQPMoGqC5CVXn123gWyte215ONT5Pp5a0yt4nlEoO1ZWeCwpncaekPHXO60i47ihFnZPiRPjRMq4Q==",
      "optional": true
    },
    "unist-builder": {
      "version": "1.0.4",
      "resolved": "https://registry.npmjs.org/unist-builder/-/unist-builder-1.0.4.tgz",
      "integrity": "sha512-v6xbUPP7ILrT15fHGrNyHc1Xda8H3xVhP7/HAIotHOhVPjH5dCXA097C3Rry1Q2O+HbOLCao4hfPB+EYEjHgVg==",
      "requires": {
        "object-assign": "^4.1.0"
      }
    },
    "unist-util-is": {
      "version": "3.0.0",
      "resolved": "https://registry.npmjs.org/unist-util-is/-/unist-util-is-3.0.0.tgz",
      "integrity": "sha512-sVZZX3+kspVNmLWBPAB6r+7D9ZgAFPNWm66f7YNb420RlQSbn+n8rG8dGZSkrER7ZIXGQYNm5pqC3v3HopH24A=="
    },
    "unist-util-visit": {
      "version": "1.4.1",
      "resolved": "https://registry.npmjs.org/unist-util-visit/-/unist-util-visit-1.4.1.tgz",
      "integrity": "sha512-AvGNk7Bb//EmJZyhtRUnNMEpId/AZ5Ph/KUpTI09WHQuDZHKovQ1oEv3mfmKpWKtoMzyMC4GLBm1Zy5k12fjIw==",
      "requires": {
        "unist-util-visit-parents": "^2.0.0"
      }
    },
    "unist-util-visit-parents": {
      "version": "2.1.2",
      "resolved": "https://registry.npmjs.org/unist-util-visit-parents/-/unist-util-visit-parents-2.1.2.tgz",
      "integrity": "sha512-DyN5vD4NE3aSeB+PXYNKxzGsfocxp6asDc2XXE3b0ekO2BaRUpBicbbUygfSvYfUz1IkmjFR1YF7dPklraMZ2g==",
      "requires": {
        "unist-util-is": "^3.0.0"
      }
    },
    "xtend": {
      "version": "4.0.2",
      "resolved": "https://registry.npmjs.org/xtend/-/xtend-4.0.2.tgz",
      "integrity": "sha512-LKYU1iAXJXUgAXn9URjiu+MWhyUXHsvfp7mcuYm9dSUKK0/CjtrUwFAxD82/mCWbtLsGjFIad0wIsod4zrTAEQ=="
    }
  }
}
